
Microsoft Visual Studio Solution File, Format Version 12.00
# Visual Studio Version 17
VisualStudioVersion = 17.14.37614.0 d17.14
MinimumVisualStudioVersion = 10.0.40219.1
Project("{FAE04EC0-301F-11D3-BF4B-00C04F79EFBC}") = "Nva_lesson8", "Nva_lesson8.csproj", "{92E91DCF-7E4E-4AD4-9723-83A30402EF23}"
EndProject
Global
	GlobalSection(SolutionConfigurationPlatforms) = preSolution
		Debug|Any CPU = Debug|Any CPU
		Release|Any CPU = Release|Any CPU
	EndGlobalSection
	GlobalSection(ProjectConfigurationPlatforms) = postSolution
		{92E91DCF-7E4E-4AD4-9723-83A30402EF23}.Debug|Any CPU.ActiveCfg = Debug|Any CPU
		{92E91DCF-7E4E-4AD4-9723-83A30402EF23}.Debug|Any CPU.Build.0 = Debug|Any CPU
		{92E91DCF-7E4E-4AD4-9723-83A30402EF23}.Release|Any CPU.ActiveCfg = Release|Any CPU
		{92E91DCF-7E4E-4AD4-9723-83A30402EF23}.Release|Any CPU.Build.0 = Release|Any CPU
	EndGlobalSection
	GlobalSection(SolutionProperties) = preSolution
		HideSolutionNode = FALSE
	EndGlobalSection
	GlobalSection(ExtensibilityGlobals) = postSolution
		SolutionGuid = {E253F444-69AE-419A-993C-B1D44BAF4717}
	EndGlobalSection
EndGlobal
