
Microsoft Visual Studio Solution File, Format Version 12.00
# Visual Studio Version 17
VisualStudioVersion = 17.14.37614.0 d17.14
MinimumVisualStudioVersion = 10.0.40219.1
Project("{FAE04EC0-301F-11D3-BF4B-00C04F79EFBC}") = "Nva_lesson1", "Nva_lesson1.csproj", "{232C57D2-DFC2-414E-B99A-97D977798748}"
EndProject
Global
	GlobalSection(SolutionConfigurationPlatforms) = preSolution
		Debug|Any CPU = Debug|Any CPU
		Release|Any CPU = Release|Any CPU
	EndGlobalSection
	GlobalSection(ProjectConfigurationPlatforms) = postSolution
		{232C57D2-DFC2-414E-B99A-97D977798748}.Debug|Any CPU.ActiveCfg = Debug|Any CPU
		{232C57D2-DFC2-414E-B99A-97D977798748}.Debug|Any CPU.Build.0 = Debug|Any CPU
		{232C57D2-DFC2-414E-B99A-97D977798748}.Release|Any CPU.ActiveCfg = Release|Any CPU
		{232C57D2-DFC2-414E-B99A-97D977798748}.Release|Any CPU.Build.0 = Release|Any CPU
	EndGlobalSection
	GlobalSection(SolutionProperties) = preSolution
		HideSolutionNode = FALSE
	EndGlobalSection
	GlobalSection(ExtensibilityGlobals) = postSolution
		SolutionGuid = {6FE0C86F-0B5B-4CA8-8E0A-13BB1EE50DC9}
	EndGlobalSection
EndGlobal
