
Microsoft Visual Studio Solution File, Format Version 12.00
# Visual Studio Version 17
VisualStudioVersion = 17.14.37614.0 d17.14
MinimumVisualStudioVersion = 10.0.40219.1
Project("{FAE04EC0-301F-11D3-BF4B-00C04F79EFBC}") = "Nva_lesson5", "Nva_lesson5.csproj", "{6F21FA8D-CEBB-4A16-B609-4DAF45BDAB1A}"
EndProject
Global
	GlobalSection(SolutionConfigurationPlatforms) = preSolution
		Debug|Any CPU = Debug|Any CPU
		Release|Any CPU = Release|Any CPU
	EndGlobalSection
	GlobalSection(ProjectConfigurationPlatforms) = postSolution
		{6F21FA8D-CEBB-4A16-B609-4DAF45BDAB1A}.Debug|Any CPU.ActiveCfg = Debug|Any CPU
		{6F21FA8D-CEBB-4A16-B609-4DAF45BDAB1A}.Debug|Any CPU.Build.0 = Debug|Any CPU
		{6F21FA8D-CEBB-4A16-B609-4DAF45BDAB1A}.Release|Any CPU.ActiveCfg = Release|Any CPU
		{6F21FA8D-CEBB-4A16-B609-4DAF45BDAB1A}.Release|Any CPU.Build.0 = Release|Any CPU
	EndGlobalSection
	GlobalSection(SolutionProperties) = preSolution
		HideSolutionNode = FALSE
	EndGlobalSection
	GlobalSection(ExtensibilityGlobals) = postSolution
		SolutionGuid = {60A4DA46-3480-45A7-889F-74EB55BE4729}
	EndGlobalSection
EndGlobal
