
Microsoft Visual Studio Solution File, Format Version 12.00
# Visual Studio Version 17
VisualStudioVersion = 17.14.37614.0 d17.14
MinimumVisualStudioVersion = 10.0.40219.1
Project("{FAE04EC0-301F-11D3-BF4B-00C04F79EFBC}") = "Nva_Lesson10", "Nva_Lesson10.csproj", "{3809BCFA-4706-4C32-BA96-471C2E23326C}"
EndProject
Global
	GlobalSection(SolutionConfigurationPlatforms) = preSolution
		Debug|Any CPU = Debug|Any CPU
		Release|Any CPU = Release|Any CPU
	EndGlobalSection
	GlobalSection(ProjectConfigurationPlatforms) = postSolution
		{3809BCFA-4706-4C32-BA96-471C2E23326C}.Debug|Any CPU.ActiveCfg = Debug|Any CPU
		{3809BCFA-4706-4C32-BA96-471C2E23326C}.Debug|Any CPU.Build.0 = Debug|Any CPU
		{3809BCFA-4706-4C32-BA96-471C2E23326C}.Release|Any CPU.ActiveCfg = Release|Any CPU
		{3809BCFA-4706-4C32-BA96-471C2E23326C}.Release|Any CPU.Build.0 = Release|Any CPU
	EndGlobalSection
	GlobalSection(SolutionProperties) = preSolution
		HideSolutionNode = FALSE
	EndGlobalSection
	GlobalSection(ExtensibilityGlobals) = postSolution
		SolutionGuid = {D2246B84-4D52-4C4E-99B5-46395945613C}
	EndGlobalSection
EndGlobal
